
Microsoft Visual Studio Solution File, Format Version 12.00
# Visual Studio Version 17
VisualStudioVersion = 17.3.32825.248
MinimumVisualStudioVersion = 10.0.40219.1
Project("{FAE04EC0-301F-11D3-BF4B-00C04F79EFBC}") = "01. Match Tickets", "01. Match Tickets\01. Match Tickets.csproj", "{1816688D-50FF-4A89-A414-1B9EEE996EC5}"
EndProject
Project("{FAE04EC0-301F-11D3-BF4B-00C04F79EFBC}") = "02. Bike Race", "02. Bike Race\02. Bike Race.csproj", "{97431959-7533-4E11-93E9-DE98F9DC0D7A}"
EndProject
Project("{FAE04EC0-301F-11D3-BF4B-00C04F79EFBC}") = "03. Flowers", "03. Flowers\03. Flowers.csproj", "{E3C7C7A0-33E0-41E4-A077-7DB74139B74F}"
EndProject
Global
	GlobalSection(SolutionConfigurationPlatforms) = preSolution
		Debug|Any CPU = Debug|Any CPU
		Release|Any CPU = Release|Any CPU
	EndGlobalSection
	GlobalSection(ProjectConfigurationPlatforms) = postSolution
		{1816688D-50FF-4A89-A414-1B9EEE996EC5}.Debug|Any CPU.ActiveCfg = Debug|Any CPU
		{1816688D-50FF-4A89-A414-1B9EEE996EC5}.Debug|Any CPU.Build.0 = Debug|Any CPU
		{1816688D-50FF-4A89-A414-1B9EEE996EC5}.Release|Any CPU.ActiveCfg = Release|Any CPU
		{1816688D-50FF-4A89-A414-1B9EEE996EC5}.Release|Any CPU.Build.0 = Release|Any CPU
		{97431959-7533-4E11-93E9-DE98F9DC0D7A}.Debug|Any CPU.ActiveCfg = Debug|Any CPU
		{97431959-7533-4E11-93E9-DE98F9DC0D7A}.Debug|Any CPU.Build.0 = Debug|Any CPU
		{97431959-7533-4E11-93E9-DE98F9DC0D7A}.Release|Any CPU.ActiveCfg = Release|Any CPU
		{97431959-7533-4E11-93E9-DE98F9DC0D7A}.Release|Any CPU.Build.0 = Release|Any CPU
		{E3C7C7A0-33E0-41E4-A077-7DB74139B74F}.Debug|Any CPU.ActiveCfg = Debug|Any CPU
		{E3C7C7A0-33E0-41E4-A077-7DB74139B74F}.Debug|Any CPU.Build.0 = Debug|Any CPU
		{E3C7C7A0-33E0-41E4-A077-7DB74139B74F}.Release|Any CPU.ActiveCfg = Release|Any CPU
		{E3C7C7A0-33E0-41E4-A077-7DB74139B74F}.Release|Any CPU.Build.0 = Release|Any CPU
	EndGlobalSection
	GlobalSection(SolutionProperties) = preSolution
		HideSolutionNode = FALSE
	EndGlobalSection
	GlobalSection(ExtensibilityGlobals) = postSolution
		SolutionGuid = {2D601D24-9DD5-4B58-89E3-48D0CE271441}
	EndGlobalSection
EndGlobal
